// !$*UTF8*$!
{
	archiveVersion = 1;
	classes = {
	};
	objectVersion = 56;
	objects = {

/* Begin PBXBuildFile section */
		A10000012C00000000000001 /* SynveilApp.swift in Sources */ = {isa = PBXBuildFile; fileRef = A20000012C00000000000001 /* SynveilApp.swift */; };
		A10000012C00000000000002 /* BootstrapView.swift in Sources */ = {isa = PBXBuildFile; fileRef = A20000012C00000000000002 /* BootstrapView.swift */; };
		A10000012C00000000000003 /* Assets.xcassets in Resources */ = {isa = PBXBuildFile; fileRef = A20000012C00000000000003 /* Assets.xcassets */; };
		A10000012C00000000000004 /* AppDependencyContainer.swift in Sources */ = {isa = PBXBuildFile; fileRef = A20000012C00000000000005 /* AppDependencyContainer.swift */; };
		A10000012C00000000000005 /* RootView.swift in Sources */ = {isa = PBXBuildFile; fileRef = A20000012C00000000000006 /* RootView.swift */; };
		A10000012C00000000000011 /* EndpointValidationError.swift in Sources */ = {isa = PBXBuildFile; fileRef = A20000012C00000000000011 /* EndpointValidationError.swift */; };
		A10000012C00000000000012 /* ServerEndpoint.swift in Sources */ = {isa = PBXBuildFile; fileRef = A20000012C00000000000012 /* ServerEndpoint.swift */; };
		A10000012C00000000000013 /* AppEnvironment.swift in Sources */ = {isa = PBXBuildFile; fileRef = A20000012C00000000000013 /* AppEnvironment.swift */; };
		A10000012C00000000000014 /* AppConfiguration.swift in Sources */ = {isa = PBXBuildFile; fileRef = A20000012C00000000000014 /* AppConfiguration.swift */; };
		A10000012C00000000000015 /* HTTPMethod.swift in Sources */ = {isa = PBXBuildFile; fileRef = A20000012C00000000000015 /* HTTPMethod.swift */; };
		A10000012C00000000000016 /* HTTPTransportRequest.swift in Sources */ = {isa = PBXBuildFile; fileRef = A20000012C00000000000016 /* HTTPTransportRequest.swift */; };
		A10000012C00000000000017 /* HTTPTransportResponse.swift in Sources */ = {isa = PBXBuildFile; fileRef = A20000012C00000000000017 /* HTTPTransportResponse.swift */; };
		A10000012C00000000000018 /* HTTPTransportProtocol.swift in Sources */ = {isa = PBXBuildFile; fileRef = A20000012C00000000000018 /* HTTPTransportProtocol.swift */; };
		A10000012C00000000000019 /* RustBridgeAdapter.swift in Sources */ = {isa = PBXBuildFile; fileRef = A20000012C00000000000019 /* RustBridgeAdapter.swift */; };
		A10000012C0000000000001A /* RustBridgeStatus.swift in Sources */ = {isa = PBXBuildFile; fileRef = A20000012C0000000000001A /* RustBridgeStatus.swift */; };
		A10000012C0000000000001B /* RustBridgeError.swift in Sources */ = {isa = PBXBuildFile; fileRef = A20000012C0000000000001B /* RustBridgeError.swift */; };
		A10000012C0000000000001C /* RustBridgeExecutor.swift in Sources */ = {isa = PBXBuildFile; fileRef = A20000012C0000000000001C /* RustBridgeExecutor.swift */; };
		A10000012C0000000000001D /* RustBridgeAsyncAdapter.swift in Sources */ = {isa = PBXBuildFile; fileRef = A20000012C0000000000001D /* RustBridgeAsyncAdapter.swift */; };
		A10000012C0000000000001E /* RustBridgeProtocol.swift in Sources */ = {isa = PBXBuildFile; fileRef = A20000012C0000000000001E /* RustBridgeProtocol.swift */; };
		A10000012C0000000000001F /* AppStartupState.swift in Sources */ = {isa = PBXBuildFile; fileRef = A20000012C0000000000001F /* AppStartupState.swift */; };
		A10000012C00000000000020 /* SessionController.swift in Sources */ = {isa = PBXBuildFile; fileRef = A20000012C00000000000020 /* SessionController.swift */; };
		B10000012C00000000000001 /* SynveilBootstrapTests.swift in Sources */ = {isa = PBXBuildFile; fileRef = B20000012C00000000000001 /* SynveilBootstrapTests.swift */; };
		B10000012C00000000000011 /* ServerEndpointTests.swift in Sources */ = {isa = PBXBuildFile; fileRef = B20000012C00000000000011 /* ServerEndpointTests.swift */; };
		B10000012C00000000000012 /* AppConfigurationTests.swift in Sources */ = {isa = PBXBuildFile; fileRef = B20000012C00000000000012 /* AppConfigurationTests.swift */; };
		B10000012C00000000000013 /* HTTPTransportContractTests.swift in Sources */ = {isa = PBXBuildFile; fileRef = B20000012C00000000000013 /* HTTPTransportContractTests.swift */; };
		B10000012C00000000000014 /* RustBridgeABITests.swift in Sources */ = {isa = PBXBuildFile; fileRef = B20000012C00000000000014 /* RustBridgeABITests.swift */; };
		B10000012C00000000000015 /* RustBridgeErrorTests.swift in Sources */ = {isa = PBXBuildFile; fileRef = B20000012C00000000000015 /* RustBridgeErrorTests.swift */; };
		B10000012C00000000000016 /* RustBridgeMemoryTests.swift in Sources */ = {isa = PBXBuildFile; fileRef = B20000012C00000000000016 /* RustBridgeMemoryTests.swift */; };
		B10000012C00000000000017 /* RustBridgeConcurrencyTests.swift in Sources */ = {isa = PBXBuildFile; fileRef = B20000012C00000000000017 /* RustBridgeConcurrencyTests.swift */; };
		B10000012C00000000000018 /* RustBridgeProtocolTests.swift in Sources */ = {isa = PBXBuildFile; fileRef = B20000012C00000000000018 /* RustBridgeProtocolTests.swift */; };
		B10000012C00000000000019 /* SessionControllerTests.swift in Sources */ = {isa = PBXBuildFile; fileRef = B20000012C00000000000019 /* SessionControllerTests.swift */; };
		B10000012C0000000000001A /* RootViewTests.swift in Sources */ = {isa = PBXBuildFile; fileRef = B20000012C0000000000001A /* RootViewTests.swift */; };
		A10000012C00000000000021 /* ServerSetupViewModel.swift in Sources */ = {isa = PBXBuildFile; fileRef = A20000012C00000000000021 /* ServerSetupViewModel.swift */; };
		A10000012C00000000000022 /* ServerSetupView.swift in Sources */ = {isa = PBXBuildFile; fileRef = A20000012C00000000000022 /* ServerSetupView.swift */; };
		A10000012C00000000000023 /* SynveilTransportError.swift in Sources */ = {isa = PBXBuildFile; fileRef = A20000012C00000000000023 /* SynveilTransportError.swift */; };
		A10000012C00000000000024 /* ServerProbeResult.swift in Sources */ = {isa = PBXBuildFile; fileRef = A20000012C00000000000024 /* ServerProbeResult.swift */; };
		A10000012C00000000000025 /* ServerValidationService.swift in Sources */ = {isa = PBXBuildFile; fileRef = A20000012C00000000000025 /* ServerValidationService.swift */; };
		A10000012C00000000000026 /* URLSessionHTTPTransport.swift in Sources */ = {isa = PBXBuildFile; fileRef = A20000012C00000000000026 /* URLSessionHTTPTransport.swift */; };
		A10000012C00000000000027 /* ServerValidationViewModel.swift in Sources */ = {isa = PBXBuildFile; fileRef = A20000012C00000000000027 /* ServerValidationViewModel.swift */; };
		A10000012C00000000000028 /* ServerValidationView.swift in Sources */ = {isa = PBXBuildFile; fileRef = A20000012C00000000000028 /* ServerValidationView.swift */; };
		B10000012C0000000000001B /* ServerSetupViewModelTests.swift in Sources */ = {isa = PBXBuildFile; fileRef = B20000012C0000000000001B /* ServerSetupViewModelTests.swift */; };
		B10000012C0000000000001C /* ServerReachabilityTests.swift in Sources */ = {isa = PBXBuildFile; fileRef = B20000012C0000000000001C /* ServerReachabilityTests.swift */; };
		A10000012C00000000000029 /* EnrollmentToken.swift in Sources */ = {isa = PBXBuildFile; fileRef = A20000012C00000000000029 /* EnrollmentToken.swift */; };
		A10000012C0000000000002A /* DeviceCredential.swift in Sources */ = {isa = PBXBuildFile; fileRef = A20000012C0000000000002A /* DeviceCredential.swift */; };
		A10000012C0000000000002B /* DeviceCredentialRecord.swift in Sources */ = {isa = PBXBuildFile; fileRef = A20000012C0000000000002B /* DeviceCredentialRecord.swift */; };
		A10000012C0000000000002C /* EnrollmentExchangeResult.swift in Sources */ = {isa = PBXBuildFile; fileRef = A20000012C0000000000002C /* EnrollmentExchangeResult.swift */; };
		A10000012C0000000000002D /* EnrollmentState.swift in Sources */ = {isa = PBXBuildFile; fileRef = A20000012C0000000000002D /* EnrollmentState.swift */; };
		A10000012C0000000000002E /* ExchangeDeviceEnrollmentRequest.swift in Sources */ = {isa = PBXBuildFile; fileRef = A20000012C0000000000002E /* ExchangeDeviceEnrollmentRequest.swift */; };
		A10000012C0000000000002F /* DeviceCredentialResponseDTO.swift in Sources */ = {isa = PBXBuildFile; fileRef = A20000012C0000000000002F /* DeviceCredentialResponseDTO.swift */; };
		A10000012C00000000000030 /* SecureCredentialSinkProtocol.swift in Sources */ = {isa = PBXBuildFile; fileRef = A20000012C00000000000030 /* SecureCredentialSinkProtocol.swift */; };
		A10000012C00000000000031 /* EnrollmentExchangeServiceProtocol.swift in Sources */ = {isa = PBXBuildFile; fileRef = A20000012C00000000000031 /* EnrollmentExchangeServiceProtocol.swift */; };
		A10000012C00000000000032 /* EnrollmentExchangeService.swift in Sources */ = {isa = PBXBuildFile; fileRef = A20000012C00000000000032 /* EnrollmentExchangeService.swift */; };
		A10000012C00000000000033 /* EnrollmentViewModel.swift in Sources */ = {isa = PBXBuildFile; fileRef = A20000012C00000000000033 /* EnrollmentViewModel.swift */; };
		A10000012C00000000000034 /* EnrollmentView.swift in Sources */ = {isa = PBXBuildFile; fileRef = A20000012C00000000000034 /* EnrollmentView.swift */; };
		A10000012C00000000000035 /* EnrollmentTests.swift in Sources */ = {isa = PBXBuildFile; fileRef = A20000012C00000000000035 /* EnrollmentTests.swift */; };
		A10000012C00000000000036 /* DeviceCredentialSession.swift in Sources */ = {isa = PBXBuildFile; fileRef = A20000012C00000000000036 /* DeviceCredentialSession.swift */; };
		A10000012C00000000000037 /* KeychainCredentialStore.swift in Sources */ = {isa = PBXBuildFile; fileRef = A20000012C00000000000037 /* KeychainCredentialStore.swift */; };
		A10000012C00000000000038 /* Security.framework in Frameworks */ = {isa = PBXBuildFile; fileRef = A20000012C00000000000038 /* Security.framework */; };
		A10000012C00000000000039 /* SessionRestorationService.swift in Sources */ = {isa = PBXBuildFile; fileRef = A20000012C00000000000039 /* SessionRestorationService.swift */; };
		A10000012C0000000000003A /* AuthenticatedSessionValidationService.swift in Sources */ = {isa = PBXBuildFile; fileRef = A20000012C0000000000003A /* AuthenticatedSessionValidationService.swift */; };
		A10000012C0000000000003B /* SessionLogoutService.swift in Sources */ = {isa = PBXBuildFile; fileRef = A20000012C0000000000003B /* SessionLogoutService.swift */; };
		B10000012C0000000000001D /* KeychainCredentialStoreTests.swift in Sources */ = {isa = PBXBuildFile; fileRef = B20000012C0000000000001D /* KeychainCredentialStoreTests.swift */; };
		B10000012C0000000000001E /* Security.framework in Frameworks */ = {isa = PBXBuildFile; fileRef = A20000012C00000000000038 /* Security.framework */; };
		B10000012C0000000000001F /* SessionRestorationTests.swift in Sources */ = {isa = PBXBuildFile; fileRef = B20000012C0000000000001F /* SessionRestorationTests.swift */; };
		B10000012C00000000000020 /* SessionLogoutTests.swift in Sources */ = {isa = PBXBuildFile; fileRef = B20000012C00000000000020 /* SessionLogoutTests.swift */; };
/* End PBXBuildFile section */

/* Begin PBXContainerItemProxy section */
		B60000012C00000000000001 /* PBXContainerItemProxy */ = {
			isa = PBXContainerItemProxy;
			containerPortal = A60000012C00000000000001 /* Project object */;
			proxyType = 1;
			remoteGlobalIDString = A50000012C00000000000001;
			remoteInfo = Synveil;
		};
/* End PBXContainerItemProxy section */

/* Begin PBXFileReference section */
		A20000012C00000000000001 /* SynveilApp.swift */ = {isa = PBXFileReference; lastKnownFileType = sourcecode.swift; path = App/SynveilApp.swift; sourceTree = "<group>"; };
		A20000012C00000000000002 /* BootstrapView.swift */ = {isa = PBXFileReference; lastKnownFileType = sourcecode.swift; path = App/BootstrapView.swift; sourceTree = "<group>"; };
		A20000012C00000000000003 /* Assets.xcassets */ = {isa = PBXFileReference; lastKnownFileType = folder.assetcatalog; path = Resources/Assets.xcassets; sourceTree = "<group>"; };
		A20000012C00000000000004 /* Synveil.app */ = {isa = PBXFileReference; explicitFileType = wrapper.application; includeInIndex = 0; path = Synveil.app; sourceTree = BUILT_PRODUCTS_DIR; };
		A20000012C00000000000005 /* AppDependencyContainer.swift */ = {isa = PBXFileReference; lastKnownFileType = sourcecode.swift; path = App/AppDependencyContainer.swift; sourceTree = "<group>"; };
		A20000012C00000000000006 /* RootView.swift */ = {isa = PBXFileReference; lastKnownFileType = sourcecode.swift; path = App/RootView.swift; sourceTree = "<group>"; };
		A20000012C00000000000011 /* EndpointValidationError.swift */ = {isa = PBXFileReference; lastKnownFileType = sourcecode.swift; path = Domain/Configuration/EndpointValidationError.swift; sourceTree = "<group>"; };
		A20000012C00000000000012 /* ServerEndpoint.swift */ = {isa = PBXFileReference; lastKnownFileType = sourcecode.swift; path = Domain/Configuration/ServerEndpoint.swift; sourceTree = "<group>"; };
		A20000012C00000000000013 /* AppEnvironment.swift */ = {isa = PBXFileReference; lastKnownFileType = sourcecode.swift; path = Application/Configuration/AppEnvironment.swift; sourceTree = "<group>"; };
		A20000012C00000000000014 /* AppConfiguration.swift */ = {isa = PBXFileReference; lastKnownFileType = sourcecode.swift; path = Application/Configuration/AppConfiguration.swift; sourceTree = "<group>"; };
		A20000012C00000000000015 /* HTTPMethod.swift */ = {isa = PBXFileReference; lastKnownFileType = sourcecode.swift; path = Domain/Services/Transport/HTTPMethod.swift; sourceTree = "<group>"; };
		A20000012C00000000000016 /* HTTPTransportRequest.swift */ = {isa = PBXFileReference; lastKnownFileType = sourcecode.swift; path = Domain/Services/Transport/HTTPTransportRequest.swift; sourceTree = "<group>"; };
		A20000012C00000000000017 /* HTTPTransportResponse.swift */ = {isa = PBXFileReference; lastKnownFileType = sourcecode.swift; path = Domain/Services/Transport/HTTPTransportResponse.swift; sourceTree = "<group>"; };
		A20000012C00000000000018 /* HTTPTransportProtocol.swift */ = {isa = PBXFileReference; lastKnownFileType = sourcecode.swift; path = Domain/Services/Transport/HTTPTransportProtocol.swift; sourceTree = "<group>"; };
		A20000012C00000000000019 /* RustBridgeAdapter.swift */ = {isa = PBXFileReference; lastKnownFileType = sourcecode.swift; path = Infrastructure/RustBridge/RustBridgeAdapter.swift; sourceTree = "<group>"; };
		A20000012C0000000000001A /* RustBridgeStatus.swift */ = {isa = PBXFileReference; lastKnownFileType = sourcecode.swift; path = Infrastructure/RustBridge/RustBridgeStatus.swift; sourceTree = "<group>"; };
		A20000012C0000000000001B /* RustBridgeError.swift */ = {isa = PBXFileReference; lastKnownFileType = sourcecode.swift; path = Infrastructure/RustBridge/RustBridgeError.swift; sourceTree = "<group>"; };
		A20000012C0000000000001C /* RustBridgeExecutor.swift */ = {isa = PBXFileReference; lastKnownFileType = sourcecode.swift; path = Infrastructure/RustBridge/RustBridgeExecutor.swift; sourceTree = "<group>"; };
		A20000012C0000000000001D /* RustBridgeAsyncAdapter.swift */ = {isa = PBXFileReference; lastKnownFileType = sourcecode.swift; path = Infrastructure/RustBridge/RustBridgeAsyncAdapter.swift; sourceTree = "<group>"; };
		A20000012C0000000000001E /* RustBridgeProtocol.swift */ = {isa = PBXFileReference; lastKnownFileType = sourcecode.swift; path = Application/Services/RustBridgeProtocol.swift; sourceTree = "<group>"; };
		A20000012C0000000000001F /* AppStartupState.swift */ = {isa = PBXFileReference; lastKnownFileType = sourcecode.swift; path = Application/Session/AppStartupState.swift; sourceTree = "<group>"; };
		A20000012C00000000000020 /* SessionController.swift */ = {isa = PBXFileReference; lastKnownFileType = sourcecode.swift; path = Application/Session/SessionController.swift; sourceTree = "<group>"; };
		B20000012C00000000000001 /* SynveilBootstrapTests.swift */ = {isa = PBXFileReference; lastKnownFileType = sourcecode.swift; path = Tests/SynveilTests/SynveilBootstrapTests.swift; sourceTree = "<group>"; };
		B20000012C00000000000011 /* ServerEndpointTests.swift */ = {isa = PBXFileReference; lastKnownFileType = sourcecode.swift; path = Tests/SynveilTests/ServerEndpointTests.swift; sourceTree = "<group>"; };
		B20000012C00000000000012 /* AppConfigurationTests.swift */ = {isa = PBXFileReference; lastKnownFileType = sourcecode.swift; path = Tests/SynveilTests/AppConfigurationTests.swift; sourceTree = "<group>"; };
		B20000012C00000000000013 /* HTTPTransportContractTests.swift */ = {isa = PBXFileReference; lastKnownFileType = sourcecode.swift; path = Tests/SynveilTests/HTTPTransportContractTests.swift; sourceTree = "<group>"; };
		B20000012C00000000000014 /* RustBridgeABITests.swift */ = {isa = PBXFileReference; lastKnownFileType = sourcecode.swift; path = Tests/SynveilTests/RustBridgeABITests.swift; sourceTree = "<group>"; };
		B20000012C00000000000015 /* RustBridgeErrorTests.swift */ = {isa = PBXFileReference; lastKnownFileType = sourcecode.swift; path = Tests/SynveilTests/RustBridgeErrorTests.swift; sourceTree = "<group>"; };
		B20000012C00000000000016 /* RustBridgeMemoryTests.swift */ = {isa = PBXFileReference; lastKnownFileType = sourcecode.swift; path = Tests/SynveilTests/RustBridgeMemoryTests.swift; sourceTree = "<group>"; };
		B20000012C00000000000017 /* RustBridgeConcurrencyTests.swift */ = {isa = PBXFileReference; lastKnownFileType = sourcecode.swift; path = Tests/SynveilTests/RustBridgeConcurrencyTests.swift; sourceTree = "<group>"; };
		B20000012C00000000000018 /* RustBridgeProtocolTests.swift */ = {isa = PBXFileReference; lastKnownFileType = sourcecode.swift; path = Tests/SynveilTests/RustBridgeProtocolTests.swift; sourceTree = "<group>"; };
		B20000012C00000000000019 /* SessionControllerTests.swift */ = {isa = PBXFileReference; lastKnownFileType = sourcecode.swift; path = Tests/SynveilTests/SessionControllerTests.swift; sourceTree = "<group>"; };
		B20000012C0000000000001A /* RootViewTests.swift */ = {isa = PBXFileReference; lastKnownFileType = sourcecode.swift; path = Tests/SynveilTests/RootViewTests.swift; sourceTree = "<group>"; };
		B20000012C00000000000002 /* SynveilTests.xctest */ = {isa = PBXFileReference; explicitFileType = wrapper.cfbundle; includeInIndex = 0; path = SynveilTests.xctest; sourceTree = "<group>"; };
		A20000012C00000000000021 /* ServerSetupViewModel.swift */ = {isa = PBXFileReference; lastKnownFileType = sourcecode.swift; path = Features/Onboarding/ServerSetupViewModel.swift; sourceTree = "<group>"; };
		A20000012C00000000000022 /* ServerSetupView.swift */ = {isa = PBXFileReference; lastKnownFileType = sourcecode.swift; path = Features/Onboarding/ServerSetupView.swift; sourceTree = "<group>"; };
		A20000012C00000000000023 /* SynveilTransportError.swift */ = {isa = PBXFileReference; lastKnownFileType = sourcecode.swift; path = Domain/Services/Transport/SynveilTransportError.swift; sourceTree = "<group>"; };
		A20000012C00000000000024 /* ServerProbeResult.swift */ = {isa = PBXFileReference; lastKnownFileType = sourcecode.swift; path = Domain/Services/Transport/ServerProbeResult.swift; sourceTree = "<group>"; };
		A20000012C00000000000025 /* ServerValidationService.swift */ = {isa = PBXFileReference; lastKnownFileType = sourcecode.swift; path = Domain/Services/Transport/ServerValidationService.swift; sourceTree = "<group>"; };
		A20000012C00000000000026 /* URLSessionHTTPTransport.swift */ = {isa = PBXFileReference; lastKnownFileType = sourcecode.swift; path = Infrastructure/Network/URLSessionHTTPTransport.swift; sourceTree = "<group>"; };
		A20000012C00000000000027 /* ServerValidationViewModel.swift */ = {isa = PBXFileReference; lastKnownFileType = sourcecode.swift; path = Features/Onboarding/ServerValidationViewModel.swift; sourceTree = "<group>"; };
		A20000012C00000000000028 /* ServerValidationView.swift */ = {isa = PBXFileReference; lastKnownFileType = sourcecode.swift; path = Features/Onboarding/ServerValidationView.swift; sourceTree = "<group>"; };
		B20000012C0000000000001B /* ServerSetupViewModelTests.swift */ = {isa = PBXFileReference; lastKnownFileType = sourcecode.swift; path = Tests/SynveilTests/ServerSetupViewModelTests.swift; sourceTree = "<group>"; };
		B20000012C0000000000001C /* ServerReachabilityTests.swift */ = {isa = PBXFileReference; lastKnownFileType = sourcecode.swift; path = Tests/SynveilTests/ServerReachabilityTests.swift; sourceTree = "<group>"; };
		A20000012C00000000000029 /* EnrollmentToken.swift */ = {isa = PBXFileReference; lastKnownFileType = sourcecode.swift; path = Domain/Services/Enrollment/EnrollmentToken.swift; sourceTree = "<group>"; };
		A20000012C0000000000002A /* DeviceCredential.swift */ = {isa = PBXFileReference; lastKnownFileType = sourcecode.swift; path = Domain/Services/Enrollment/DeviceCredential.swift; sourceTree = "<group>"; };
		A20000012C0000000000002B /* DeviceCredentialRecord.swift */ = {isa = PBXFileReference; lastKnownFileType = sourcecode.swift; path = Domain/Services/Enrollment/DeviceCredentialRecord.swift; sourceTree = "<group>"; };
		A20000012C0000000000002C /* EnrollmentExchangeResult.swift */ = {isa = PBXFileReference; lastKnownFileType = sourcecode.swift; path = Domain/Services/Enrollment/EnrollmentExchangeResult.swift; sourceTree = "<group>"; };
		A20000012C0000000000002D /* EnrollmentState.swift */ = {isa = PBXFileReference; lastKnownFileType = sourcecode.swift; path = Domain/Services/Enrollment/EnrollmentState.swift; sourceTree = "<group>"; };
		A20000012C0000000000002E /* ExchangeDeviceEnrollmentRequest.swift */ = {isa = PBXFileReference; lastKnownFileType = sourcecode.swift; path = Domain/Services/Enrollment/ExchangeDeviceEnrollmentRequest.swift; sourceTree = "<group>"; };
		A20000012C0000000000002F /* DeviceCredentialResponseDTO.swift */ = {isa = PBXFileReference; lastKnownFileType = sourcecode.swift; path = Domain/Services/Enrollment/DeviceCredentialResponseDTO.swift; sourceTree = "<group>"; };
		A20000012C00000000000030 /* SecureCredentialSinkProtocol.swift */ = {isa = PBXFileReference; lastKnownFileType = sourcecode.swift; path = Application/Services/SecureCredentialSinkProtocol.swift; sourceTree = "<group>"; };
		A20000012C00000000000031 /* EnrollmentExchangeServiceProtocol.swift */ = {isa = PBXFileReference; lastKnownFileType = sourcecode.swift; path = Domain/Services/Enrollment/EnrollmentExchangeServiceProtocol.swift; sourceTree = "<group>"; };
		A20000012C00000000000032 /* EnrollmentExchangeService.swift */ = {isa = PBXFileReference; lastKnownFileType = sourcecode.swift; path = Domain/Services/Enrollment/EnrollmentExchangeService.swift; sourceTree = "<group>"; };
		A20000012C00000000000033 /* EnrollmentViewModel.swift */ = {isa = PBXFileReference; lastKnownFileType = sourcecode.swift; path = Features/Onboarding/EnrollmentViewModel.swift; sourceTree = "<group>"; };
		A20000012C00000000000034 /* EnrollmentView.swift */ = {isa = PBXFileReference; lastKnownFileType = sourcecode.swift; path = Features/Onboarding/EnrollmentView.swift; sourceTree = "<group>"; };
		A20000012C00000000000035 /* EnrollmentTests.swift */ = {isa = PBXFileReference; lastKnownFileType = sourcecode.swift; path = Tests/SynveilTests/EnrollmentTests.swift; sourceTree = "<group>"; };
		A20000012C00000000000036 /* DeviceCredentialSession.swift */ = {isa = PBXFileReference; lastKnownFileType = sourcecode.swift; path = Domain/Services/Enrollment/DeviceCredentialSession.swift; sourceTree = "<group>"; };
		A20000012C00000000000037 /* KeychainCredentialStore.swift */ = {isa = PBXFileReference; lastKnownFileType = sourcecode.swift; path = Infrastructure/Security/KeychainCredentialStore.swift; sourceTree = "<group>"; };
		A20000012C00000000000038 /* Security.framework */ = {isa = PBXFileReference; lastKnownFileType = wrapper.framework; name = Security.framework; path = System/Library/Frameworks/Security.framework; sourceTree = SDKROOT; };
		A20000012C00000000000039 /* SessionRestorationService.swift */ = {isa = PBXFileReference; lastKnownFileType = sourcecode.swift; path = Application/Session/SessionRestorationService.swift; sourceTree = "<group>"; };
		A20000012C0000000000003A /* AuthenticatedSessionValidationService.swift */ = {isa = PBXFileReference; lastKnownFileType = sourcecode.swift; path = Domain/Services/Transport/AuthenticatedSessionValidationService.swift; sourceTree = "<group>"; };
		A20000012C0000000000003B /* SessionLogoutService.swift */ = {isa = PBXFileReference; lastKnownFileType = sourcecode.swift; path = Application/Session/SessionLogoutService.swift; sourceTree = "<group>"; };
		B20000012C0000000000001F /* SessionRestorationTests.swift */ = {isa = PBXFileReference; lastKnownFileType = sourcecode.swift; path = Tests/SynveilTests/SessionRestorationTests.swift; sourceTree = "<group>"; };
		B20000012C00000000000020 /* SessionLogoutTests.swift */ = {isa = PBXFileReference; lastKnownFileType = sourcecode.swift; path = Tests/SynveilTests/SessionLogoutTests.swift; sourceTree = "<group>"; };
		B20000012C0000000000001D /* KeychainCredentialStoreTests.swift */ = {isa = PBXFileReference; lastKnownFileType = sourcecode.swift; path = Tests/SynveilTests/KeychainCredentialStoreTests.swift; sourceTree = "<group>"; };
/* End PBXFileReference section */

/* Begin PBXFrameworksBuildPhase section */
		A30000012C00000000000001 /* Frameworks */ = {
			isa = PBXFrameworksBuildPhase;
			buildActionMask = 2147483647;
			files = (
				A10000012C00000000000038 /* Security.framework in Frameworks */,
			);
			runOnlyForDeploymentPostprocessing = 0;
		};
		B30000012C00000000000001 /* Frameworks */ = {
			isa = PBXFrameworksBuildPhase;
			buildActionMask = 2147483647;
			files = (
				B10000012C0000000000001E /* Security.framework in Frameworks */,
			);
			runOnlyForDeploymentPostprocessing = 0;
		};
/* End PBXFrameworksBuildPhase section */

/* Begin PBXGroup section */
		A40000012C00000000000001 = {
			isa = PBXGroup;
			children = (
				A40000012C00000000000002 /* App */,
				A40000012C00000000000015 /* Features */,
				A40000012C00000000000011 /* Domain */,
				A40000012C00000000000012 /* Application */,
				A40000012C00000000000013 /* Infrastructure */,
				A40000012C00000000000003 /* Resources */,
				B40000012C00000000000001 /* Tests */,
				A40000012C00000000000004 /* Products */,
			);
			sourceTree = "<group>";
		};
				A40000012C00000000000015 /* Features */ = {
			isa = PBXGroup;
			children = (
				A40000012C00000000000016 /* Onboarding */,
			);
			name = Features;
			sourceTree = "<group>";
		};
		A40000012C00000000000016 /* Onboarding */ = {
			isa = PBXGroup;
			children = (
				A20000012C00000000000021 /* ServerSetupViewModel.swift */,
				A20000012C00000000000022 /* ServerSetupView.swift */,
				A20000012C00000000000027 /* ServerValidationViewModel.swift */,
				A20000012C00000000000028 /* ServerValidationView.swift */,
				A20000012C00000000000033 /* EnrollmentViewModel.swift */,
				A20000012C00000000000034 /* EnrollmentView.swift */,
			);
			name = Onboarding;
			sourceTree = "<group>";
		};
		A40000012C00000000000002 /* App */ = {
			isa = PBXGroup;
			children = (
				A20000012C00000000000001 /* SynveilApp.swift */,
				A20000012C00000000000002 /* BootstrapView.swift */,
				A20000012C00000000000005 /* AppDependencyContainer.swift */,
				A20000012C00000000000006 /* RootView.swift */,
			);
			name = App;
			sourceTree = "<group>";
		};
		A40000012C00000000000011 /* Domain */ = {
			isa = PBXGroup;
			children = (
				A20000012C00000000000011 /* EndpointValidationError.swift */,
				A20000012C00000000000012 /* ServerEndpoint.swift */,
				A20000012C00000000000015 /* HTTPMethod.swift */,
				A20000012C00000000000016 /* HTTPTransportRequest.swift */,
				A20000012C00000000000017 /* HTTPTransportResponse.swift */,
				A20000012C00000000000018 /* HTTPTransportProtocol.swift */,
				A20000012C00000000000023 /* SynveilTransportError.swift */,
				A20000012C00000000000024 /* ServerProbeResult.swift */,
				A20000012C0000000000003A /* AuthenticatedSessionValidationService.swift */,
				A20000012C00000000000029 /* EnrollmentToken.swift */,
				A20000012C0000000000002A /* DeviceCredential.swift */,
				A20000012C0000000000002B /* DeviceCredentialRecord.swift */,
				A20000012C00000000000036 /* DeviceCredentialSession.swift */,
				A20000012C0000000000002C /* EnrollmentExchangeResult.swift */,
				A20000012C0000000000002D /* EnrollmentState.swift */,
				A20000012C0000000000002E /* ExchangeDeviceEnrollmentRequest.swift */,
				A20000012C0000000000002F /* DeviceCredentialResponseDTO.swift */,
				A20000012C00000000000031 /* EnrollmentExchangeServiceProtocol.swift */,
				A20000012C00000000000032 /* EnrollmentExchangeService.swift */,
				A20000012C00000000000025 /* ServerValidationService.swift */,
			);
			name = Domain;
			sourceTree = "<group>";
		};
		A40000012C00000000000012 /* Application */ = {
			isa = PBXGroup;
			children = (
				A20000012C00000000000013 /* AppEnvironment.swift */,
				A20000012C00000000000014 /* AppConfiguration.swift */,
				A20000012C0000000000001F /* AppStartupState.swift */,
				A20000012C00000000000020 /* SessionController.swift */,
				A20000012C00000000000039 /* SessionRestorationService.swift */,
				A20000012C0000000000003B /* SessionLogoutService.swift */,
				A20000012C0000000000001E /* RustBridgeProtocol.swift */,
				A20000012C00000000000030 /* SecureCredentialSinkProtocol.swift */,
			);
			name = Application;
			sourceTree = "<group>";
		};
		A40000012C00000000000013 /* Infrastructure */ = {
			isa = PBXGroup;
			children = (
				A40000012C00000000000014 /* RustBridge */,
				A20000012C00000000000026 /* URLSessionHTTPTransport.swift */,
				A20000012C00000000000037 /* KeychainCredentialStore.swift */,
			);
			name = Infrastructure;
			sourceTree = "<group>";
		};
		A40000012C00000000000014 /* RustBridge */ = {
			isa = PBXGroup;
			children = (
				A20000012C00000000000019 /* RustBridgeAdapter.swift */,
				A20000012C0000000000001A /* RustBridgeStatus.swift */,
				A20000012C0000000000001B /* RustBridgeError.swift */,
				A20000012C0000000000001C /* RustBridgeExecutor.swift */,
				A20000012C0000000000001D /* RustBridgeAsyncAdapter.swift */,
			);
			name = RustBridge;
			sourceTree = "<group>";
		};
		A40000012C00000000000003 /* Resources */ = {
			isa = PBXGroup;
			children = (
				A20000012C00000000000003 /* Assets.xcassets */,
			);
			name = Resources;
			sourceTree = "<group>";
		};
		A40000012C00000000000004 /* Products */ = {
			isa = PBXGroup;
			children = (
				A20000012C00000000000004 /* Synveil.app */,
				B20000012C00000000000002 /* SynveilTests.xctest */,
			);
			name = Products;
			sourceTree = "<group>";
		};
		B40000012C00000000000001 /* Tests */ = {
			isa = PBXGroup;
			children = (
				B40000012C00000000000002 /* SynveilTests */,
			);
			name = Tests;
			sourceTree = "<group>";
		};
		B40000012C00000000000002 /* SynveilTests */ = {
			isa = PBXGroup;
			children = (
				B20000012C00000000000001 /* SynveilBootstrapTests.swift */,
				B20000012C00000000000011 /* ServerEndpointTests.swift */,
				B20000012C00000000000012 /* AppConfigurationTests.swift */,
				B20000012C00000000000013 /* HTTPTransportContractTests.swift */,
				B20000012C00000000000014 /* RustBridgeABITests.swift */,
				B20000012C00000000000015 /* RustBridgeErrorTests.swift */,
				B20000012C00000000000016 /* RustBridgeMemoryTests.swift */,
				B20000012C00000000000017 /* RustBridgeConcurrencyTests.swift */,
				B20000012C00000000000018 /* RustBridgeProtocolTests.swift */,
				B20000012C00000000000019 /* SessionControllerTests.swift */,
				B20000012C0000000000001A /* RootViewTests.swift */,
				B20000012C0000000000001B /* ServerSetupViewModelTests.swift */,
				B20000012C0000000000001C /* ServerReachabilityTests.swift */,
				A20000012C00000000000035 /* EnrollmentTests.swift */,
				B20000012C0000000000001D /* KeychainCredentialStoreTests.swift */,
				B20000012C0000000000001F /* SessionRestorationTests.swift */,
				B20000012C00000000000020 /* SessionLogoutTests.swift */,
			);
			name = SynveilTests;
			sourceTree = "<group>";
		};
/* End PBXGroup section */

/* Begin PBXNativeTarget section */
		A50000012C00000000000001 /* Synveil */ = {
			isa = PBXNativeTarget;
			buildConfigurationList = AA0000012C00000000000002 /* Build configuration list for PBXNativeTarget "Synveil" */;
			buildPhases = (
				A80000012C00000000000001 /* Sources */,
				A30000012C00000000000001 /* Frameworks */,
				A70000012C00000000000001 /* Resources */,
			);
			buildRules = (
			);
			dependencies = (
			);
			name = Synveil;
			productName = Synveil;
			productReference = A20000012C00000000000004 /* Synveil.app */;
			productType = "com.apple.product-type.application";
		};
		B50000012C00000000000001 /* SynveilTests */ = {
			isa = PBXNativeTarget;
			buildConfigurationList = BA0000012C00000000000001 /* Build configuration list for PBXNativeTarget "SynveilTests" */;
			buildPhases = (
				B80000012C00000000000001 /* Sources */,
				B30000012C00000000000001 /* Frameworks */,
			);
			buildRules = (
			);
			dependencies = (
				B70000012C00000000000001 /* PBXTargetDependency */,
			);
			name = SynveilTests;
			productName = SynveilTests;
			productReference = B20000012C00000000000002 /* SynveilTests.xctest */;
			productType = "com.apple.product-type.bundle.unit-test";
		};
/* End PBXNativeTarget section */

/* Begin PBXProject section */
		A60000012C00000000000001 /* Project object */ = {
			isa = PBXProject;
			attributes = {
				BuildIndependentTargetsInParallel = 1;
				LastSwiftUpdateCheck = 1540;
				LastUpgradeCheck = 1540;
				TargetAttributes = {
					A50000012C00000000000001 = {
						CreatedOnToolsVersion = 15.4;
					};
					B50000012C00000000000001 = {
						CreatedOnToolsVersion = 15.4;
						TestTargetID = A50000012C00000000000001;
					};
				};
			};
			buildConfigurationList = AA0000012C00000000000001 /* Build configuration list for PBXProject "Synveil" */;
			compatibilityVersion = "Xcode 14.0";
			developmentRegion = en;
			hasScannedForEncodings = 0;
			knownRegions = (
				en,
				Base,
			);
			mainGroup = A40000012C00000000000001;
			productRefGroup = A40000012C00000000000004 /* Products */;
			projectDirPath = "";
			projectRoot = "";
			targets = (
				A50000012C00000000000001 /* Synveil */,
				B50000012C00000000000001 /* SynveilTests */,
			);
		};
/* End PBXProject section */

/* Begin PBXResourcesBuildPhase section */
		A70000012C00000000000001 /* Resources */ = {
			isa = PBXResourcesBuildPhase;
			buildActionMask = 2147483647;
			files = (
				A10000012C00000000000003 /* Assets.xcassets in Resources */,
			);
			runOnlyForDeploymentPostprocessing = 0;
		};
/* End PBXResourcesBuildPhase section */

/* Begin PBXSourcesBuildPhase section */
		A80000012C00000000000001 /* Sources */ = {
			isa = PBXSourcesBuildPhase;
			buildActionMask = 2147483647;
			files = (
				A10000012C00000000000001 /* SynveilApp.swift in Sources */,
				A10000012C00000000000002 /* BootstrapView.swift in Sources */,
				A10000012C00000000000004 /* AppDependencyContainer.swift in Sources */,
				A10000012C00000000000005 /* RootView.swift in Sources */,
				A10000012C00000000000011 /* EndpointValidationError.swift in Sources */,
				A10000012C00000000000012 /* ServerEndpoint.swift in Sources */,
				A10000012C00000000000013 /* AppEnvironment.swift in Sources */,
				A10000012C00000000000014 /* AppConfiguration.swift in Sources */,
				A10000012C00000000000015 /* HTTPMethod.swift in Sources */,
				A10000012C00000000000016 /* HTTPTransportRequest.swift in Sources */,
				A10000012C00000000000017 /* HTTPTransportResponse.swift in Sources */,
				A10000012C00000000000018 /* HTTPTransportProtocol.swift in Sources */,
				A10000012C00000000000019 /* RustBridgeAdapter.swift in Sources */,
				A10000012C0000000000001A /* RustBridgeStatus.swift in Sources */,
				A10000012C0000000000001B /* RustBridgeError.swift in Sources */,
				A10000012C0000000000001C /* RustBridgeExecutor.swift in Sources */,
				A10000012C0000000000001D /* RustBridgeAsyncAdapter.swift in Sources */,
				A10000012C0000000000001E /* RustBridgeProtocol.swift in Sources */,
				A10000012C0000000000001F /* AppStartupState.swift in Sources */,
				A10000012C00000000000020 /* SessionController.swift in Sources */,
				A10000012C00000000000039 /* SessionRestorationService.swift in Sources */,
				A10000012C0000000000003B /* SessionLogoutService.swift in Sources */,
				A10000012C00000000000021 /* ServerSetupViewModel.swift in Sources */,
				A10000012C00000000000022 /* ServerSetupView.swift in Sources */,
				A10000012C00000000000023 /* SynveilTransportError.swift in Sources */,
				A10000012C00000000000024 /* ServerProbeResult.swift in Sources */,
				A10000012C00000000000025 /* ServerValidationService.swift in Sources */,
				A10000012C0000000000003A /* AuthenticatedSessionValidationService.swift in Sources */,
				A10000012C00000000000026 /* URLSessionHTTPTransport.swift in Sources */,
				A10000012C00000000000027 /* ServerValidationViewModel.swift in Sources */,
				A10000012C00000000000028 /* ServerValidationView.swift in Sources */,
				A10000012C00000000000029 /* EnrollmentToken.swift in Sources */,
				A10000012C0000000000002A /* DeviceCredential.swift in Sources */,
				A10000012C0000000000002B /* DeviceCredentialRecord.swift in Sources */,
				A10000012C00000000000036 /* DeviceCredentialSession.swift in Sources */,
				A10000012C0000000000002C /* EnrollmentExchangeResult.swift in Sources */,
				A10000012C0000000000002D /* EnrollmentState.swift in Sources */,
				A10000012C0000000000002E /* ExchangeDeviceEnrollmentRequest.swift in Sources */,
				A10000012C0000000000002F /* DeviceCredentialResponseDTO.swift in Sources */,
				A10000012C00000000000030 /* SecureCredentialSinkProtocol.swift in Sources */,
				A10000012C00000000000031 /* EnrollmentExchangeServiceProtocol.swift in Sources */,
				A10000012C00000000000032 /* EnrollmentExchangeService.swift in Sources */,
				A10000012C00000000000033 /* EnrollmentViewModel.swift in Sources */,
				A10000012C00000000000034 /* EnrollmentView.swift in Sources */,
				A10000012C00000000000037 /* KeychainCredentialStore.swift in Sources */,
			);
			runOnlyForDeploymentPostprocessing = 0;
		};
		B80000012C00000000000001 /* Sources */ = {
			isa = PBXSourcesBuildPhase;
			buildActionMask = 2147483647;
			files = (
				B10000012C00000000000001 /* SynveilBootstrapTests.swift in Sources */,
				B10000012C00000000000011 /* ServerEndpointTests.swift in Sources */,
				B10000012C00000000000012 /* AppConfigurationTests.swift in Sources */,
				B10000012C00000000000013 /* HTTPTransportContractTests.swift in Sources */,
				B10000012C00000000000014 /* RustBridgeABITests.swift in Sources */,
				B10000012C00000000000015 /* RustBridgeErrorTests.swift in Sources */,
				B10000012C00000000000016 /* RustBridgeMemoryTests.swift in Sources */,
				B10000012C00000000000017 /* RustBridgeConcurrencyTests.swift in Sources */,
				B10000012C00000000000018 /* RustBridgeProtocolTests.swift in Sources */,
				B10000012C00000000000019 /* SessionControllerTests.swift in Sources */,
				B10000012C0000000000001A /* RootViewTests.swift in Sources */,
				B10000012C0000000000001B /* ServerSetupViewModelTests.swift in Sources */,
				B10000012C0000000000001C /* ServerReachabilityTests.swift in Sources */,
				A10000012C00000000000035 /* EnrollmentTests.swift in Sources */,
				B10000012C0000000000001D /* KeychainCredentialStoreTests.swift in Sources */,
				B10000012C0000000000001F /* SessionRestorationTests.swift in Sources */,
				B10000012C00000000000020 /* SessionLogoutTests.swift in Sources */,
			);
			runOnlyForDeploymentPostprocessing = 0;
		};
/* End PBXSourcesBuildPhase section */

/* Begin PBXTargetDependency section */
		B70000012C00000000000001 /* PBXTargetDependency */ = {
			isa = PBXTargetDependency;
			target = A50000012C00000000000001 /* Synveil */;
			targetProxy = B60000012C00000000000001 /* PBXContainerItemProxy */;
		};
/* End PBXTargetDependency section */

/* Begin XCBuildConfiguration section */
		A90000012C00000000000001 /* Debug */ = {
			isa = XCBuildConfiguration;
			buildSettings = {
				ALWAYS_SEARCH_USER_PATHS = NO;
				CLANG_ANALYZER_NONNULL = YES;
				CLANG_ANALYZER_NUMBER_OBJECT_CONVERSION = YES_AGGRESSIVE;
				CLANG_CXX_LANGUAGE_STANDARD = "gnu++20";
				CLANG_ENABLE_MODULES = YES;
				CLANG_ENABLE_OBJC_ARC = YES;
				CLANG_ENABLE_OBJC_WEAK = YES;
				CLANG_WARN_BLOCK_CAPTURE_AUTORELEASING = YES;
				CLANG_WARN_BOOL_CONVERSION = YES;
				CLANG_WARN_COMMA = YES;
				CLANG_WARN_CONSTANT_CONVERSION = YES;
				CLANG_WARN_DEPRECATED_OBJC_IMPLEMENTATIONS = YES;
				CLANG_WARN_DIRECT_OBJC_ISA_USAGE = YES_ERROR;
				CLANG_WARN_DOCUMENTATION_COMMENTS = YES;
				CLANG_WARN_EMPTY_BODY = YES;
				CLANG_WARN_ENUM_CONVERSION = YES;
				CLANG_WARN_INFINITE_RECURSION = YES;
				CLANG_WARN_INT_CONVERSION = YES;
				CLANG_WARN_NON_LITERAL_NULL_CONVERSION = YES;
				CLANG_WARN_OBJC_IMPLICIT_RETAIN_SELF = YES;
				CLANG_WARN_OBJC_LITERAL_CONVERSION = YES;
				CLANG_WARN_OBJC_ROOT_CLASS = YES_ERROR;
				CLANG_WARN_QUOTED_INCLUDE_IN_FRAMEWORK_HEADER = YES;
				CLANG_WARN_RANGE_LOOP_ANALYSIS = YES;
				CLANG_WARN_STRICT_PROTOTYPES = YES;
				CLANG_WARN_SUSPICIOUS_MOVE = YES;
				CLANG_WARN_UNGUARDED_AVAILABILITY = YES_AGGRESSIVE;
				CLANG_WARN_UNREACHABLE_CODE = YES;
				CLANG_WARN__DUPLICATE_METHOD_MATCH = YES;
				COPY_PHASE_STRIP = NO;
				DEBUG_INFORMATION_FORMAT = dwarf;
				ENABLE_STRICT_OBJC_MSGSEND = YES;
				ENABLE_TESTABILITY = YES;
				GCC_C_LANGUAGE_STANDARD = gnu17;
				GCC_DYNAMIC_NO_PIC = NO;
				GCC_NO_COMMON_BLOCKS = YES;
				GCC_OPTIMIZATION_LEVEL = 0;
				GCC_PREPROCESSOR_DEFINITIONS = (
					"DEBUG=1",
					"$(inherited)",
				);
				GCC_WARN_64_TO_32_BIT_CONVERSION = YES;
				GCC_WARN_ABOUT_RETURN_TYPE = YES_ERROR;
				GCC_WARN_UNDECLARED_SELECTOR = YES;
				GCC_WARN_UNINITIALIZED_AUTOS = YES_AGGRESSIVE;
				GCC_WARN_UNUSED_FUNCTION = YES;
				GCC_WARN_UNUSED_VARIABLE = YES;
				IPHONEOS_DEPLOYMENT_TARGET = 17.0;
				MTL_ENABLE_DEBUG_INFO = INCLUDE_SOURCE;
				MTL_FAST_MATH = YES;
				ONLY_ACTIVE_ARCH = YES;
				SDKROOT = iphoneos;
				SWIFT_ACTIVE_COMPILATION_CONDITIONS = "DEBUG $(inherited)";
				SWIFT_OPTIMIZATION_LEVEL = "-Onone";
				SWIFT_STRICT_CONCURRENCY = complete;
			};
			name = Debug;
		};
		A90000012C00000000000002 /* Release */ = {
			isa = XCBuildConfiguration;
			buildSettings = {
				ALWAYS_SEARCH_USER_PATHS = NO;
				CLANG_ANALYZER_NONNULL = YES;
				CLANG_ANALYZER_NUMBER_OBJECT_CONVERSION = YES_AGGRESSIVE;
				CLANG_CXX_LANGUAGE_STANDARD = "gnu++20";
				CLANG_ENABLE_MODULES = YES;
				CLANG_ENABLE_OBJC_ARC = YES;
				CLANG_ENABLE_OBJC_WEAK = YES;
				CLANG_WARN_BLOCK_CAPTURE_AUTORELEASING = YES;
				CLANG_WARN_BOOL_CONVERSION = YES;
				CLANG_WARN_COMMA = YES;
				CLANG_WARN_CONSTANT_CONVERSION = YES;
				CLANG_WARN_DEPRECATED_OBJC_IMPLEMENTATIONS = YES;
				CLANG_WARN_DIRECT_OBJC_ISA_USAGE = YES_ERROR;
				CLANG_WARN_DOCUMENTATION_COMMENTS = YES;
				CLANG_WARN_EMPTY_BODY = YES;
				CLANG_WARN_ENUM_CONVERSION = YES;
				CLANG_WARN_INFINITE_RECURSION = YES;
				CLANG_WARN_INT_CONVERSION = YES;
				CLANG_WARN_NON_LITERAL_NULL_CONVERSION = YES;
				CLANG_WARN_OBJC_IMPLICIT_RETAIN_SELF = YES;
				CLANG_WARN_OBJC_LITERAL_CONVERSION = YES;
				CLANG_WARN_OBJC_ROOT_CLASS = YES_ERROR;
				CLANG_WARN_QUOTED_INCLUDE_IN_FRAMEWORK_HEADER = YES;
				CLANG_WARN_RANGE_LOOP_ANALYSIS = YES;
				CLANG_WARN_STRICT_PROTOTYPES = YES;
				CLANG_WARN_SUSPICIOUS_MOVE = YES;
				CLANG_WARN_UNGUARDED_AVAILABILITY = YES_AGGRESSIVE;
				CLANG_WARN_UNREACHABLE_CODE = YES;
				CLANG_WARN__DUPLICATE_METHOD_MATCH = YES;
				COPY_PHASE_STRIP = NO;
				DEBUG_INFORMATION_FORMAT = "dwarf-with-dsym";
				ENABLE_NS_ASSERTIONS = NO;
				ENABLE_STRICT_OBJC_MSGSEND = YES;
				GCC_C_LANGUAGE_STANDARD = gnu17;
				GCC_NO_COMMON_BLOCKS = YES;
				GCC_WARN_64_TO_32_BIT_CONVERSION = YES;
				GCC_WARN_ABOUT_RETURN_TYPE = YES_ERROR;
				GCC_WARN_UNDECLARED_SELECTOR = YES;
				GCC_WARN_UNINITIALIZED_AUTOS = YES_AGGRESSIVE;
				GCC_WARN_UNUSED_FUNCTION = YES;
				GCC_WARN_UNUSED_VARIABLE = YES;
				IPHONEOS_DEPLOYMENT_TARGET = 17.0;
				MTL_ENABLE_DEBUG_INFO = NO;
				MTL_FAST_MATH = YES;
				SDKROOT = iphoneos;
				SWIFT_COMPILATION_MODE = wholemodule;
				SWIFT_OPTIMIZATION_LEVEL = "-O";
				SWIFT_STRICT_CONCURRENCY = complete;
				VALIDATE_PRODUCT = YES;
			};
			name = Release;
		};
		A90000012C00000000000003 /* Debug */ = {
			isa = XCBuildConfiguration;
			buildSettings = {
				ASSETCATALOG_COMPILER_APPICON_NAME = AppIcon;
				ASSETCATALOG_COMPILER_GLOBAL_ACCENT_COLOR_NAME = AccentColor;
				CODE_SIGNING_ALLOWED = NO;
				CODE_SIGNING_REQUIRED = NO;
				CODE_SIGN_IDENTITY = "";
				GENERATE_INFOPLIST_FILE = YES;
				HEADER_SEARCH_PATHS = (
					"$(inherited)",
					"$(SRCROOT)/Infrastructure/RustBridge/Generated",
				);
				INFOPLIST_KEY_UIApplicationSceneManifest_Generation = YES;
				INFOPLIST_KEY_UIApplicationSupportsIndirectInputEvents = YES;
				INFOPLIST_KEY_UILaunchScreen_Generation = YES;
				INFOPLIST_KEY_UISupportedInterfaceOrientations_iPad = "UIInterfaceOrientationPortrait UIInterfaceOrientationPortraitUpsideDown UIInterfaceOrientationLandscapeLeft UIInterfaceOrientationLandscapeRight";
				INFOPLIST_KEY_UISupportedInterfaceOrientations_iPhone = "UIInterfaceOrientationPortrait UIInterfaceOrientationLandscapeLeft UIInterfaceOrientationLandscapeRight";
				LD_RUNPATH_SEARCH_PATHS = (
					"$(inherited)",
					"@executable_path/Frameworks",
				);
				"LIBRARY_SEARCH_PATHS[sdk=iphoneos*]" = (
					"$(inherited)",
					"$(SRCROOT)/../../target/ios-rust-artifacts/device/arm64",
				);
				"LIBRARY_SEARCH_PATHS[sdk=iphonesimulator*]" = (
					"$(inherited)",
					"$(SRCROOT)/../../target/ios-rust-artifacts/simulator/universal",
					"$(SRCROOT)/../../target/ios-rust-artifacts/simulator/arm64",
				);
				OTHER_LDFLAGS = (
					"$(inherited)",
					"-lsynveil_ios_ffi",
				);
				PRODUCT_BUNDLE_IDENTIFIER = com.synveil.ios;
				PRODUCT_NAME = "$(TARGET_NAME)";
				SWIFT_EMIT_LOC_STRINGS = YES;
				SWIFT_INCLUDE_PATHS = (
					"$(inherited)",
					"$(SRCROOT)/Infrastructure/RustBridge/Raw",
				);
				SWIFT_VERSION = 5.0;
				TARGETED_DEVICE_FAMILY = "1,2";
			};
			name = Debug;
		};
		A90000012C00000000000004 /* Release */ = {
			isa = XCBuildConfiguration;
			buildSettings = {
				ASSETCATALOG_COMPILER_APPICON_NAME = AppIcon;
				ASSETCATALOG_COMPILER_GLOBAL_ACCENT_COLOR_NAME = AccentColor;
				CODE_SIGNING_ALLOWED = NO;
				CODE_SIGNING_REQUIRED = NO;
				CODE_SIGN_IDENTITY = "";
				GENERATE_INFOPLIST_FILE = YES;
				HEADER_SEARCH_PATHS = (
					"$(inherited)",
					"$(SRCROOT)/Infrastructure/RustBridge/Generated",
				);
				INFOPLIST_KEY_UIApplicationSceneManifest_Generation = YES;
				INFOPLIST_KEY_UIApplicationSupportsIndirectInputEvents = YES;
				INFOPLIST_KEY_UILaunchScreen_Generation = YES;
				INFOPLIST_KEY_UISupportedInterfaceOrientations_iPad = "UIInterfaceOrientationPortrait UIInterfaceOrientationPortraitUpsideDown UIInterfaceOrientationLandscapeLeft UIInterfaceOrientationLandscapeRight";
				INFOPLIST_KEY_UISupportedInterfaceOrientations_iPhone = "UIInterfaceOrientationPortrait UIInterfaceOrientationLandscapeLeft UIInterfaceOrientationLandscapeRight";
				LD_RUNPATH_SEARCH_PATHS = (
					"$(inherited)",
					"@executable_path/Frameworks",
				);
				"LIBRARY_SEARCH_PATHS[sdk=iphoneos*]" = (
					"$(inherited)",
					"$(SRCROOT)/../../target/ios-rust-artifacts/device/arm64",
				);
				"LIBRARY_SEARCH_PATHS[sdk=iphonesimulator*]" = (
					"$(inherited)",
					"$(SRCROOT)/../../target/ios-rust-artifacts/simulator/universal",
					"$(SRCROOT)/../../target/ios-rust-artifacts/simulator/arm64",
				);
				OTHER_LDFLAGS = (
					"$(inherited)",
					"-lsynveil_ios_ffi",
				);
				PRODUCT_BUNDLE_IDENTIFIER = com.synveil.ios;
				PRODUCT_NAME = "$(TARGET_NAME)";
				SWIFT_EMIT_LOC_STRINGS = YES;
				SWIFT_INCLUDE_PATHS = (
					"$(inherited)",
					"$(SRCROOT)/Infrastructure/RustBridge/Raw",
				);
				SWIFT_VERSION = 5.0;
				TARGETED_DEVICE_FAMILY = "1,2";
			};
			name = Release;
		};
		B90000012C00000000000001 /* Debug */ = {
			isa = XCBuildConfiguration;
			buildSettings = {
				BUNDLE_LOADER = "$(TEST_HOST)";
				CODE_SIGNING_ALLOWED = NO;
				CODE_SIGNING_REQUIRED = NO;
				CODE_SIGN_IDENTITY = "";
				GENERATE_INFOPLIST_FILE = YES;
				HEADER_SEARCH_PATHS = (
					"$(inherited)",
					"$(SRCROOT)/Infrastructure/RustBridge/Generated",
				);
				IPHONEOS_DEPLOYMENT_TARGET = 17.0;
				LD_RUNPATH_SEARCH_PATHS = (
					"$(inherited)",
					"@executable_path/Frameworks",
					"@loader_path/Frameworks",
				);
				"LIBRARY_SEARCH_PATHS[sdk=iphoneos*]" = (
					"$(inherited)",
					"$(SRCROOT)/../../target/ios-rust-artifacts/device/arm64",
				);
				"LIBRARY_SEARCH_PATHS[sdk=iphonesimulator*]" = (
					"$(inherited)",
					"$(SRCROOT)/../../target/ios-rust-artifacts/simulator/universal",
					"$(SRCROOT)/../../target/ios-rust-artifacts/simulator/arm64",
				);
				OTHER_LDFLAGS = (
					"$(inherited)",
					"-lsynveil_ios_ffi",
				);
				PRODUCT_BUNDLE_IDENTIFIER = com.synveil.ios.tests;
				PRODUCT_NAME = "$(TARGET_NAME)";
				SDKROOT = iphoneos;
				SWIFT_INCLUDE_PATHS = (
					"$(inherited)",
					"$(SRCROOT)/Infrastructure/RustBridge/Raw",
				);
				SWIFT_VERSION = 5.0;
				TARGETED_DEVICE_FAMILY = "1,2";
				TEST_HOST = "$(BUILT_PRODUCTS_DIR)/Synveil.app/$(BUNDLE_EXECUTABLE_FOLDER_PATH)/Synveil";
			};
			name = Debug;
		};
		B90000012C00000000000002 /* Release */ = {
			isa = XCBuildConfiguration;
			buildSettings = {
				BUNDLE_LOADER = "$(TEST_HOST)";
				CODE_SIGNING_ALLOWED = NO;
				CODE_SIGNING_REQUIRED = NO;
				CODE_SIGN_IDENTITY = "";
				GENERATE_INFOPLIST_FILE = YES;
				HEADER_SEARCH_PATHS = (
					"$(inherited)",
					"$(SRCROOT)/Infrastructure/RustBridge/Generated",
				);
				IPHONEOS_DEPLOYMENT_TARGET = 17.0;
				LD_RUNPATH_SEARCH_PATHS = (
					"$(inherited)",
					"@executable_path/Frameworks",
					"@loader_path/Frameworks",
				);
				"LIBRARY_SEARCH_PATHS[sdk=iphoneos*]" = (
					"$(inherited)",
					"$(SRCROOT)/../../target/ios-rust-artifacts/device/arm64",
				);
				"LIBRARY_SEARCH_PATHS[sdk=iphonesimulator*]" = (
					"$(inherited)",
					"$(SRCROOT)/../../target/ios-rust-artifacts/simulator/universal",
					"$(SRCROOT)/../../target/ios-rust-artifacts/simulator/arm64",
				);
				OTHER_LDFLAGS = (
					"$(inherited)",
					"-lsynveil_ios_ffi",
				);
				PRODUCT_BUNDLE_IDENTIFIER = com.synveil.ios.tests;
				PRODUCT_NAME = "$(TARGET_NAME)";
				SDKROOT = iphoneos;
				SWIFT_INCLUDE_PATHS = (
					"$(inherited)",
					"$(SRCROOT)/Infrastructure/RustBridge/Raw",
				);
				SWIFT_VERSION = 5.0;
				TARGETED_DEVICE_FAMILY = "1,2";
				TEST_HOST = "$(BUILT_PRODUCTS_DIR)/Synveil.app/$(BUNDLE_EXECUTABLE_FOLDER_PATH)/Synveil";
			};
			name = Release;
		};
/* End XCBuildConfiguration section */

/* Begin XCConfigurationList section */
		AA0000012C00000000000001 /* Build configuration list for PBXProject "Synveil" */ = {
			isa = XCConfigurationList;
			buildConfigurations = (
				A90000012C00000000000001 /* Debug */,
				A90000012C00000000000002 /* Release */,
			);
			defaultConfigurationIsVisible = 0;
			defaultConfigurationName = Release;
		};
		AA0000012C00000000000002 /* Build configuration list for PBXNativeTarget "Synveil" */ = {
			isa = XCConfigurationList;
			buildConfigurations = (
				A90000012C00000000000003 /* Debug */,
				A90000012C00000000000004 /* Release */,
			);
			defaultConfigurationIsVisible = 0;
			defaultConfigurationName = Release;
		};
		BA0000012C00000000000001 /* Build configuration list for PBXNativeTarget "SynveilTests" */ = {
			isa = XCConfigurationList;
			buildConfigurations = (
				B90000012C00000000000001 /* Debug */,
				B90000012C00000000000002 /* Release */,
			);
			defaultConfigurationIsVisible = 0;
			defaultConfigurationName = Release;
		};
/* End XCConfigurationList section */
	};
	rootObject = A60000012C00000000000001 /* Project object */;
}
